
Microsoft Visual Studio Solution File, Format Version 12.00
# Visual Studio 15
VisualStudioVersion = 15.0.27428.2002
MinimumVisualStudioVersion = 10.0.40219.1
Project("{8BC9CEB8-8B4A-11D0-8D11-00A0C91BC942}") = "ue1launcher", "ue1launcher\ue1launcher.vcxproj", "{B69D15E3-2F91-4D3C-B043-1AB24FE7B511}"
EndProject
Global
	GlobalSection(SolutionConfigurationPlatforms) = preSolution
		Release|x86 = Release|x86
	EndGlobalSection
	GlobalSection(ProjectConfigurationPlatforms) = postSolution
		{B69D15E3-2F91-4D3C-B043-1AB24FE7B511}.Release|x86.ActiveCfg = Release|Win32
		{B69D15E3-2F91-4D3C-B043-1AB24FE7B511}.Release|x86.Build.0 = Release|Win32
	EndGlobalSection
	GlobalSection(SolutionProperties) = preSolution
		HideSolutionNode = FALSE
	EndGlobalSection
	GlobalSection(ExtensibilityGlobals) = postSolution
		SolutionGuid = {F1218980-6F30-4290-8DF1-724D160A4A9F}
	EndGlobalSection
EndGlobal
